
Microsoft Visual Studio Solution File, Format Version 12.00
# Visual Studio Version 17
VisualStudioVersion = 17.14.36414.22 d17.14
MinimumVisualStudioVersion = 10.0.40219.1
Project("{FAE04EC0-301F-11D3-BF4B-00C04F79EFBC}") = "TrafficLightDemo.ManualResetEvent", "TrafficLightDemo.ManualResetEvent\TrafficLightDemo.ManualResetEvent.csproj", "{D3A811F8-0610-4884-840A-23F2A82AEE93}"
EndProject
Global
	GlobalSection(SolutionConfigurationPlatforms) = preSolution
		Debug|Any CPU = Debug|Any CPU
		Release|Any CPU = Release|Any CPU
	EndGlobalSection
	GlobalSection(ProjectConfigurationPlatforms) = postSolution
		{D3A811F8-0610-4884-840A-23F2A82AEE93}.Debug|Any CPU.ActiveCfg = Debug|Any CPU
		{D3A811F8-0610-4884-840A-23F2A82AEE93}.Debug|Any CPU.Build.0 = Debug|Any CPU
		{D3A811F8-0610-4884-840A-23F2A82AEE93}.Release|Any CPU.ActiveCfg = Release|Any CPU
		{D3A811F8-0610-4884-840A-23F2A82AEE93}.Release|Any CPU.Build.0 = Release|Any CPU
	EndGlobalSection
	GlobalSection(SolutionProperties) = preSolution
		HideSolutionNode = FALSE
	EndGlobalSection
	GlobalSection(ExtensibilityGlobals) = postSolution
		SolutionGuid = {315D5088-3B91-4C7C-B5FB-0ED5EA8C9B79}
	EndGlobalSection
EndGlobal
